// !$*UTF8*$!
{
	archiveVersion = 1;
	classes = {
	};
	objectVersion = 46;
	objects = {

/* Begin PBXBuildFile section */
		0C123A1724BDB2F9004E3B90 /* VVTabBarController.m in Sources */ = {isa = PBXBuildFile; fileRef = 0C123A1624BDB2F9004E3B90 /* VVTabBarController.m */; };
		0C123A1A24BDB37A004E3B90 /* VVCollectionController.m in Sources */ = {isa = PBXBuildFile; fileRef = 0C123A1924BDB37A004E3B90 /* VVCollectionController.m */; };
		0C123A1D24BDB38B004E3B90 /* VVTableController.m in Sources */ = {isa = PBXBuildFile; fileRef = 0C123A1C24BDB38B004E3B90 /* VVTableController.m */; };
		0C123A2424BDB93E004E3B90 /* VVHomeModel.m in Sources */ = {isa = PBXBuildFile; fileRef = 0C123A2324BDB93E004E3B90 /* VVHomeModel.m */; };
		0C123A2724BDBC01004E3B90 /* VVBannerInfo.m in Sources */ = {isa = PBXBuildFile; fileRef = 0C123A2624BDBC01004E3B90 /* VVBannerInfo.m */; };
		0C123A2A24BDBC15004E3B90 /* VVBasicInfo.m in Sources */ = {isa = PBXBuildFile; fileRef = 0C123A2924BDBC15004E3B90 /* VVBasicInfo.m */; };
		0C6D948824BEAAF5004A41F3 /* VVHomeModelType.m in Sources */ = {isa = PBXBuildFile; fileRef = 0C6D948724BEAAF5004A41F3 /* VVHomeModelType.m */; };
		0C6D948B24BEAC4E004A41F3 /* VVTableViewModel.m in Sources */ = {isa = PBXBuildFile; fileRef = 0C6D948A24BEAC4E004A41F3 /* VVTableViewModel.m */; };
		0C6D948C24BEAF7D004A41F3 /* data.json in Resources */ = {isa = PBXBuildFile; fileRef = 0C123A1F24BDB4F6004E3B90 /* data.json */; };
		0C6D948F24BEB0BF004A41F3 /* VVHomeLayout.m in Sources */ = {isa = PBXBuildFile; fileRef = 0C6D948E24BEB0BF004A41F3 /* VVHomeLayout.m */; };
		0C6D949224BEB2AC004A41F3 /* VVBannerLayout.m in Sources */ = {isa = PBXBuildFile; fileRef = 0C6D949124BEB2AC004A41F3 /* VVBannerLayout.m */; };
		0C6D949524BEB2B9004A41F3 /* VVBasicLayout.m in Sources */ = {isa = PBXBuildFile; fileRef = 0C6D949424BEB2B9004A41F3 /* VVBasicLayout.m */; };
		0C6D949A24BEB400004A41F3 /* VVBaseView.m in Sources */ = {isa = PBXBuildFile; fileRef = 0C6D949924BEB400004A41F3 /* VVBaseView.m */; };
		0C6D949D24BEB426004A41F3 /* VVBannerView.m in Sources */ = {isa = PBXBuildFile; fileRef = 0C6D949C24BEB426004A41F3 /* VVBannerView.m */; };
		0C6D94A024BEB435004A41F3 /* VVBasicView.m in Sources */ = {isa = PBXBuildFile; fileRef = 0C6D949F24BEB435004A41F3 /* VVBasicView.m */; };
		0C6D94A324BEB707004A41F3 /* VVCardIdentifier.m in Sources */ = {isa = PBXBuildFile; fileRef = 0C6D94A224BEB707004A41F3 /* VVCardIdentifier.m */; };
		0C6D94A824BEDE8C004A41F3 /* UIView+FLFrame.m in Sources */ = {isa = PBXBuildFile; fileRef = 0C6D94A624BEDE8C004A41F3 /* UIView+FLFrame.m */; };
		0C6D94AB24BEE25F004A41F3 /* VVImageInfo.m in Sources */ = {isa = PBXBuildFile; fileRef = 0C6D94AA24BEE25F004A41F3 /* VVImageInfo.m */; };
		6003F58E195388D20070C39A /* Foundation.framework in Frameworks */ = {isa = PBXBuildFile; fileRef = 6003F58D195388D20070C39A /* Foundation.framework */; };
		6003F590195388D20070C39A /* CoreGraphics.framework in Frameworks */ = {isa = PBXBuildFile; fileRef = 6003F58F195388D20070C39A /* CoreGraphics.framework */; };
		6003F592195388D20070C39A /* UIKit.framework in Frameworks */ = {isa = PBXBuildFile; fileRef = 6003F591195388D20070C39A /* UIKit.framework */; };
		6003F598195388D20070C39A /* InfoPlist.strings in Resources */ = {isa = PBXBuildFile; fileRef = 6003F596195388D20070C39A /* InfoPlist.strings */; };
		6003F59A195388D20070C39A /* main.m in Sources */ = {isa = PBXBuildFile; fileRef = 6003F599195388D20070C39A /* main.m */; };
		6003F59E195388D20070C39A /* VVAppDelegate.m in Sources */ = {isa = PBXBuildFile; fileRef = 6003F59D195388D20070C39A /* VVAppDelegate.m */; };
		6003F5A7195388D20070C39A /* VVViewController.m in Sources */ = {isa = PBXBuildFile; fileRef = 6003F5A6195388D20070C39A /* VVViewController.m */; };
		6003F5A9195388D20070C39A /* Images.xcassets in Resources */ = {isa = PBXBuildFile; fileRef = 6003F5A8195388D20070C39A /* Images.xcassets */; };
		6003F5B0195388D20070C39A /* XCTest.framework in Frameworks */ = {isa = PBXBuildFile; fileRef = 6003F5AF195388D20070C39A /* XCTest.framework */; };
		6003F5B1195388D20070C39A /* Foundation.framework in Frameworks */ = {isa = PBXBuildFile; fileRef = 6003F58D195388D20070C39A /* Foundation.framework */; };
		6003F5B2195388D20070C39A /* UIKit.framework in Frameworks */ = {isa = PBXBuildFile; fileRef = 6003F591195388D20070C39A /* UIKit.framework */; };
		6003F5BA195388D20070C39A /* InfoPlist.strings in Resources */ = {isa = PBXBuildFile; fileRef = 6003F5B8195388D20070C39A /* InfoPlist.strings */; };
		6003F5BC195388D20070C39A /* Tests.m in Sources */ = {isa = PBXBuildFile; fileRef = 6003F5BB195388D20070C39A /* Tests.m */; };
		71719F9F1E33DC2100824A3D /* LaunchScreen.storyboard in Resources */ = {isa = PBXBuildFile; fileRef = 71719F9D1E33DC2100824A3D /* LaunchScreen.storyboard */; };
		840FB5A3712E5C17418425E5 /* libPods-VVPageCard_Example.a in Frameworks */ = {isa = PBXBuildFile; fileRef = AA27F077AAC6CD3677F43601 /* libPods-VVPageCard_Example.a */; };
		873B8AEB1B1F5CCA007FD442 /* Main.storyboard in Resources */ = {isa = PBXBuildFile; fileRef = 873B8AEA1B1F5CCA007FD442 /* Main.storyboard */; };
		ACC4610096D2CB815F80E0FE /* libPods-VVPageCard_Tests.a in Frameworks */ = {isa = PBXBuildFile; fileRef = F0BCBF42D449437C89353D02 /* libPods-VVPageCard_Tests.a */; };
/* End PBXBuildFile section */

/* Begin PBXContainerItemProxy section */
		6003F5B3195388D20070C39A /* PBXContainerItemProxy */ = {
			isa = PBXContainerItemProxy;
			containerPortal = 6003F582195388D10070C39A /* Project object */;
			proxyType = 1;
			remoteGlobalIDString = 6003F589195388D20070C39A;
			remoteInfo = VVPageCard;
		};
/* End PBXContainerItemProxy section */

/* Begin PBXFileReference section */
		0C123A1524BDB2F9004E3B90 /* VVTabBarController.h */ = {isa = PBXFileReference; lastKnownFileType = sourcecode.c.h; path = VVTabBarController.h; sourceTree = "<group>"; };
		0C123A1624BDB2F9004E3B90 /* VVTabBarController.m */ = {isa = PBXFileReference; lastKnownFileType = sourcecode.c.objc; path = VVTabBarController.m; sourceTree = "<group>"; };
		0C123A1824BDB37A004E3B90 /* VVCollectionController.h */ = {isa = PBXFileReference; lastKnownFileType = sourcecode.c.h; path = VVCollectionController.h; sourceTree = "<group>"; };
		0C123A1924BDB37A004E3B90 /* VVCollectionController.m */ = {isa = PBXFileReference; lastKnownFileType = sourcecode.c.objc; path = VVCollectionController.m; sourceTree = "<group>"; };
		0C123A1B24BDB38B004E3B90 /* VVTableController.h */ = {isa = PBXFileReference; lastKnownFileType = sourcecode.c.h; path = VVTableController.h; sourceTree = "<group>"; };
		0C123A1C24BDB38B004E3B90 /* VVTableController.m */ = {isa = PBXFileReference; lastKnownFileType = sourcecode.c.objc; path = VVTableController.m; sourceTree = "<group>"; };
		0C123A1F24BDB4F6004E3B90 /* data.json */ = {isa = PBXFileReference; lastKnownFileType = text.json; path = data.json; sourceTree = "<group>"; };
		0C123A2224BDB93E004E3B90 /* VVHomeModel.h */ = {isa = PBXFileReference; lastKnownFileType = sourcecode.c.h; path = VVHomeModel.h; sourceTree = "<group>"; };
		0C123A2324BDB93E004E3B90 /* VVHomeModel.m */ = {isa = PBXFileReference; lastKnownFileType = sourcecode.c.objc; path = VVHomeModel.m; sourceTree = "<group>"; };
		0C123A2524BDBC01004E3B90 /* VVBannerInfo.h */ = {isa = PBXFileReference; lastKnownFileType = sourcecode.c.h; path = VVBannerInfo.h; sourceTree = "<group>"; };
		0C123A2624BDBC01004E3B90 /* VVBannerInfo.m */ = {isa = PBXFileReference; lastKnownFileType = sourcecode.c.objc; path = VVBannerInfo.m; sourceTree = "<group>"; };
		0C123A2824BDBC15004E3B90 /* VVBasicInfo.h */ = {isa = PBXFileReference; lastKnownFileType = sourcecode.c.h; path = VVBasicInfo.h; sourceTree = "<group>"; };
		0C123A2924BDBC15004E3B90 /* VVBasicInfo.m */ = {isa = PBXFileReference; lastKnownFileType = sourcecode.c.objc; path = VVBasicInfo.m; sourceTree = "<group>"; };
		0C6D948624BEAAF5004A41F3 /* VVHomeModelType.h */ = {isa = PBXFileReference; lastKnownFileType = sourcecode.c.h; path = VVHomeModelType.h; sourceTree = "<group>"; };
		0C6D948724BEAAF5004A41F3 /* VVHomeModelType.m */ = {isa = PBXFileReference; lastKnownFileType = sourcecode.c.objc; path = VVHomeModelType.m; sourceTree = "<group>"; };
		0C6D948924BEAC4E004A41F3 /* VVTableViewModel.h */ = {isa = PBXFileReference; lastKnownFileType = sourcecode.c.h; path = VVTableViewModel.h; sourceTree = "<group>"; };
		0C6D948A24BEAC4E004A41F3 /* VVTableViewModel.m */ = {isa = PBXFileReference; lastKnownFileType = sourcecode.c.objc; path = VVTableViewModel.m; sourceTree = "<group>"; };
		0C6D948D24BEB0BF004A41F3 /* VVHomeLayout.h */ = {isa = PBXFileReference; lastKnownFileType = sourcecode.c.h; path = VVHomeLayout.h; sourceTree = "<group>"; };
		0C6D948E24BEB0BF004A41F3 /* VVHomeLayout.m */ = {isa = PBXFileReference; lastKnownFileType = sourcecode.c.objc; path = VVHomeLayout.m; sourceTree = "<group>"; };
		0C6D949024BEB2AC004A41F3 /* VVBannerLayout.h */ = {isa = PBXFileReference; lastKnownFileType = sourcecode.c.h; path = VVBannerLayout.h; sourceTree = "<group>"; };
		0C6D949124BEB2AC004A41F3 /* VVBannerLayout.m */ = {isa = PBXFileReference; lastKnownFileType = sourcecode.c.objc; path = VVBannerLayout.m; sourceTree = "<group>"; };
		0C6D949324BEB2B9004A41F3 /* VVBasicLayout.h */ = {isa = PBXFileReference; lastKnownFileType = sourcecode.c.h; path = VVBasicLayout.h; sourceTree = "<group>"; };
		0C6D949424BEB2B9004A41F3 /* VVBasicLayout.m */ = {isa = PBXFileReference; lastKnownFileType = sourcecode.c.objc; path = VVBasicLayout.m; sourceTree = "<group>"; };
		0C6D949824BEB400004A41F3 /* VVBaseView.h */ = {isa = PBXFileReference; lastKnownFileType = sourcecode.c.h; path = VVBaseView.h; sourceTree = "<group>"; };
		0C6D949924BEB400004A41F3 /* VVBaseView.m */ = {isa = PBXFileReference; lastKnownFileType = sourcecode.c.objc; path = VVBaseView.m; sourceTree = "<group>"; };
		0C6D949B24BEB426004A41F3 /* VVBannerView.h */ = {isa = PBXFileReference; lastKnownFileType = sourcecode.c.h; path = VVBannerView.h; sourceTree = "<group>"; };
		0C6D949C24BEB426004A41F3 /* VVBannerView.m */ = {isa = PBXFileReference; lastKnownFileType = sourcecode.c.objc; path = VVBannerView.m; sourceTree = "<group>"; };
		0C6D949E24BEB435004A41F3 /* VVBasicView.h */ = {isa = PBXFileReference; lastKnownFileType = sourcecode.c.h; path = VVBasicView.h; sourceTree = "<group>"; };
		0C6D949F24BEB435004A41F3 /* VVBasicView.m */ = {isa = PBXFileReference; lastKnownFileType = sourcecode.c.objc; path = VVBasicView.m; sourceTree = "<group>"; };
		0C6D94A124BEB707004A41F3 /* VVCardIdentifier.h */ = {isa = PBXFileReference; lastKnownFileType = sourcecode.c.h; path = VVCardIdentifier.h; sourceTree = "<group>"; };
		0C6D94A224BEB707004A41F3 /* VVCardIdentifier.m */ = {isa = PBXFileReference; lastKnownFileType = sourcecode.c.objc; path = VVCardIdentifier.m; sourceTree = "<group>"; };
		0C6D94A624BEDE8C004A41F3 /* UIView+FLFrame.m */ = {isa = PBXFileReference; fileEncoding = 4; lastKnownFileType = sourcecode.c.objc; path = "UIView+FLFrame.m"; sourceTree = "<group>"; };
		0C6D94A724BEDE8C004A41F3 /* UIView+FLFrame.h */ = {isa = PBXFileReference; fileEncoding = 4; lastKnownFileType = sourcecode.c.h; path = "UIView+FLFrame.h"; sourceTree = "<group>"; };
		0C6D94A924BEE25F004A41F3 /* VVImageInfo.h */ = {isa = PBXFileReference; lastKnownFileType = sourcecode.c.h; path = VVImageInfo.h; sourceTree = "<group>"; };
		0C6D94AA24BEE25F004A41F3 /* VVImageInfo.m */ = {isa = PBXFileReference; lastKnownFileType = sourcecode.c.objc; path = VVImageInfo.m; sourceTree = "<group>"; };
		3F33CA5D90A51FE6FF980150 /* Pods-VVPageCard_Example.debug.xcconfig */ = {isa = PBXFileReference; includeInIndex = 1; lastKnownFileType = text.xcconfig; name = "Pods-VVPageCard_Example.debug.xcconfig"; path = "Target Support Files/Pods-VVPageCard_Example/Pods-VVPageCard_Example.debug.xcconfig"; sourceTree = "<group>"; };
		6003F58A195388D20070C39A /* VVPageCard_Example.app */ = {isa = PBXFileReference; explicitFileType = wrapper.application; includeInIndex = 0; path = VVPageCard_Example.app; sourceTree = BUILT_PRODUCTS_DIR; };
		6003F58D195388D20070C39A /* Foundation.framework */ = {isa = PBXFileReference; lastKnownFileType = wrapper.framework; name = Foundation.framework; path = System/Library/Frameworks/Foundation.framework; sourceTree = SDKROOT; };
		6003F58F195388D20070C39A /* CoreGraphics.framework */ = {isa = PBXFileReference; lastKnownFileType = wrapper.framework; name = CoreGraphics.framework; path = System/Library/Frameworks/CoreGraphics.framework; sourceTree = SDKROOT; };
		6003F591195388D20070C39A /* UIKit.framework */ = {isa = PBXFileReference; lastKnownFileType = wrapper.framework; name = UIKit.framework; path = System/Library/Frameworks/UIKit.framework; sourceTree = SDKROOT; };
		6003F595195388D20070C39A /* VVPageCard-Info.plist */ = {isa = PBXFileReference; lastKnownFileType = text.plist.xml; path = "VVPageCard-Info.plist"; sourceTree = "<group>"; };
		6003F597195388D20070C39A /* en */ = {isa = PBXFileReference; lastKnownFileType = text.plist.strings; name = en; path = en.lproj/InfoPlist.strings; sourceTree = "<group>"; };
		6003F599195388D20070C39A /* main.m */ = {isa = PBXFileReference; lastKnownFileType = sourcecode.c.objc; path = main.m; sourceTree = "<group>"; };
		6003F59B195388D20070C39A /* VVPageCard-Prefix.pch */ = {isa = PBXFileReference; lastKnownFileType = sourcecode.c.h; path = "VVPageCard-Prefix.pch"; sourceTree = "<group>"; };
		6003F59C195388D20070C39A /* VVAppDelegate.h */ = {isa = PBXFileReference; lastKnownFileType = sourcecode.c.h; path = VVAppDelegate.h; sourceTree = "<group>"; };
		6003F59D195388D20070C39A /* VVAppDelegate.m */ = {isa = PBXFileReference; lastKnownFileType = sourcecode.c.objc; path = VVAppDelegate.m; sourceTree = "<group>"; };
		6003F5A5195388D20070C39A /* VVViewController.h */ = {isa = PBXFileReference; lastKnownFileType = sourcecode.c.h; path = VVViewController.h; sourceTree = "<group>"; };
		6003F5A6195388D20070C39A /* VVViewController.m */ = {isa = PBXFileReference; lastKnownFileType = sourcecode.c.objc; path = VVViewController.m; sourceTree = "<group>"; };
		6003F5A8195388D20070C39A /* Images.xcassets */ = {isa = PBXFileReference; lastKnownFileType = folder.assetcatalog; path = Images.xcassets; sourceTree = "<group>"; };
		6003F5AE195388D20070C39A /* VVPageCard_Tests.xctest */ = {isa = PBXFileReference; explicitFileType = wrapper.cfbundle; includeInIndex = 0; path = VVPageCard_Tests.xctest; sourceTree = BUILT_PRODUCTS_DIR; };
		6003F5AF195388D20070C39A /* XCTest.framework */ = {isa = PBXFileReference; lastKnownFileType = wrapper.framework; name = XCTest.framework; path = Library/Frameworks/XCTest.framework; sourceTree = DEVELOPER_DIR; };
		6003F5B7195388D20070C39A /* Tests-Info.plist */ = {isa = PBXFileReference; lastKnownFileType = text.plist.xml; path = "Tests-Info.plist"; sourceTree = "<group>"; };
		6003F5B9195388D20070C39A /* en */ = {isa = PBXFileReference; lastKnownFileType = text.plist.strings; name = en; path = en.lproj/InfoPlist.strings; sourceTree = "<group>"; };
		6003F5BB195388D20070C39A /* Tests.m */ = {isa = PBXFileReference; lastKnownFileType = sourcecode.c.objc; path = Tests.m; sourceTree = "<group>"; };
		606FC2411953D9B200FFA9A0 /* Tests-Prefix.pch */ = {isa = PBXFileReference; lastKnownFileType = sourcecode.c.h; path = "Tests-Prefix.pch"; sourceTree = "<group>"; };
		71719F9E1E33DC2100824A3D /* Base */ = {isa = PBXFileReference; lastKnownFileType = file.storyboard; name = Base; path = Base.lproj/LaunchScreen.storyboard; sourceTree = "<group>"; };
		873B8AEA1B1F5CCA007FD442 /* Main.storyboard */ = {isa = PBXFileReference; fileEncoding = 4; lastKnownFileType = file.storyboard; name = Main.storyboard; path = Base.lproj/Main.storyboard; sourceTree = "<group>"; };
		88D7E5392D6C956C0C2C7F3D /* Pods-VVPageCard_Tests.debug.xcconfig */ = {isa = PBXFileReference; includeInIndex = 1; lastKnownFileType = text.xcconfig; name = "Pods-VVPageCard_Tests.debug.xcconfig"; path = "Target Support Files/Pods-VVPageCard_Tests/Pods-VVPageCard_Tests.debug.xcconfig"; sourceTree = "<group>"; };
		8AF2CF156FE996EC006CAD22 /* LICENSE */ = {isa = PBXFileReference; includeInIndex = 1; lastKnownFileType = text; name = LICENSE; path = ../LICENSE; sourceTree = "<group>"; };
		96B6B9F1A084985483A31D0F /* VVPageCard.podspec */ = {isa = PBXFileReference; includeInIndex = 1; lastKnownFileType = text; name = VVPageCard.podspec; path = ../VVPageCard.podspec; sourceTree = "<group>"; xcLanguageSpecificationIdentifier = xcode.lang.ruby; };
		AA27F077AAC6CD3677F43601 /* libPods-VVPageCard_Example.a */ = {isa = PBXFileReference; explicitFileType = archive.ar; includeInIndex = 0; path = "libPods-VVPageCard_Example.a"; sourceTree = BUILT_PRODUCTS_DIR; };
		D94E4C5CA0E9B5AEE429E1D2 /* Pods-VVPageCard_Tests.release.xcconfig */ = {isa = PBXFileReference; includeInIndex = 1; lastKnownFileType = text.xcconfig; name = "Pods-VVPageCard_Tests.release.xcconfig"; path = "Target Support Files/Pods-VVPageCard_Tests/Pods-VVPageCard_Tests.release.xcconfig"; sourceTree = "<group>"; };
		E0E2A3CA5B9068D452446640 /* Pods-VVPageCard_Example.release.xcconfig */ = {isa = PBXFileReference; includeInIndex = 1; lastKnownFileType = text.xcconfig; name = "Pods-VVPageCard_Example.release.xcconfig"; path = "Target Support Files/Pods-VVPageCard_Example/Pods-VVPageCard_Example.release.xcconfig"; sourceTree = "<group>"; };
		F0BCBF42D449437C89353D02 /* libPods-VVPageCard_Tests.a */ = {isa = PBXFileReference; explicitFileType = archive.ar; includeInIndex = 0; path = "libPods-VVPageCard_Tests.a"; sourceTree = BUILT_PRODUCTS_DIR; };
		F3396BFD52FEF5860F45A5D2 /* README.md */ = {isa = PBXFileReference; includeInIndex = 1; lastKnownFileType = net.daringfireball.markdown; name = README.md; path = ../README.md; sourceTree = "<group>"; };
/* End PBXFileReference section */

/* Begin PBXFrameworksBuildPhase section */
		6003F587195388D20070C39A /* Frameworks */ = {
			isa = PBXFrameworksBuildPhase;
			buildActionMask = 2147483647;
			files = (
				6003F590195388D20070C39A /* CoreGraphics.framework in Frameworks */,
				6003F592195388D20070C39A /* UIKit.framework in Frameworks */,
				6003F58E195388D20070C39A /* Foundation.framework in Frameworks */,
				840FB5A3712E5C17418425E5 /* libPods-VVPageCard_Example.a in Frameworks */,
			);
			runOnlyForDeploymentPostprocessing = 0;
		};
		6003F5AB195388D20070C39A /* Frameworks */ = {
			isa = PBXFrameworksBuildPhase;
			buildActionMask = 2147483647;
			files = (
				6003F5B0195388D20070C39A /* XCTest.framework in Frameworks */,
				6003F5B2195388D20070C39A /* UIKit.framework in Frameworks */,
				6003F5B1195388D20070C39A /* Foundation.framework in Frameworks */,
				ACC4610096D2CB815F80E0FE /* libPods-VVPageCard_Tests.a in Frameworks */,
			);
			runOnlyForDeploymentPostprocessing = 0;
		};
/* End PBXFrameworksBuildPhase section */

/* Begin PBXGroup section */
		0C123A1224BDB29C004E3B90 /* table */ = {
			isa = PBXGroup;
			children = (
				0C6D949724BEB39F004A41F3 /* views */,
				0C123A1B24BDB38B004E3B90 /* VVTableController.h */,
				0C123A1C24BDB38B004E3B90 /* VVTableController.m */,
				0C6D94A124BEB707004A41F3 /* VVCardIdentifier.h */,
				0C6D94A224BEB707004A41F3 /* VVCardIdentifier.m */,
				0C6D949624BEB38E004A41F3 /* viewmodel */,
				0C123A2024BDB8DA004E3B90 /* model */,
				0C123A2124BDB8FD004E3B90 /* layout */,
			);
			name = table;
			sourceTree = "<group>";
		};
		0C123A1324BDB2A9004E3B90 /* collection */ = {
			isa = PBXGroup;
			children = (
				0C123A1824BDB37A004E3B90 /* VVCollectionController.h */,
				0C123A1924BDB37A004E3B90 /* VVCollectionController.m */,
			);
			name = collection;
			sourceTree = "<group>";
		};
		0C123A1424BDB2C2004E3B90 /* tab */ = {
			isa = PBXGroup;
			children = (
				0C123A1524BDB2F9004E3B90 /* VVTabBarController.h */,
				0C123A1624BDB2F9004E3B90 /* VVTabBarController.m */,
			);
			name = tab;
			sourceTree = "<group>";
		};
		0C123A1E24BDB4C8004E3B90 /* json */ = {
			isa = PBXGroup;
			children = (
				0C123A1F24BDB4F6004E3B90 /* data.json */,
			);
			name = json;
			sourceTree = "<group>";
		};
		0C123A2024BDB8DA004E3B90 /* model */ = {
			isa = PBXGroup;
			children = (
				0C6D948624BEAAF5004A41F3 /* VVHomeModelType.h */,
				0C6D948724BEAAF5004A41F3 /* VVHomeModelType.m */,
				0C123A2224BDB93E004E3B90 /* VVHomeModel.h */,
				0C123A2324BDB93E004E3B90 /* VVHomeModel.m */,
				0C123A2524BDBC01004E3B90 /* VVBannerInfo.h */,
				0C123A2624BDBC01004E3B90 /* VVBannerInfo.m */,
				0C123A2824BDBC15004E3B90 /* VVBasicInfo.h */,
				0C123A2924BDBC15004E3B90 /* VVBasicInfo.m */,
				0C6D94A924BEE25F004A41F3 /* VVImageInfo.h */,
				0C6D94AA24BEE25F004A41F3 /* VVImageInfo.m */,
			);
			name = model;
			sourceTree = "<group>";
		};
		0C123A2124BDB8FD004E3B90 /* layout */ = {
			isa = PBXGroup;
			children = (
				0C6D948D24BEB0BF004A41F3 /* VVHomeLayout.h */,
				0C6D948E24BEB0BF004A41F3 /* VVHomeLayout.m */,
				0C6D949024BEB2AC004A41F3 /* VVBannerLayout.h */,
				0C6D949124BEB2AC004A41F3 /* VVBannerLayout.m */,
				0C6D949324BEB2B9004A41F3 /* VVBasicLayout.h */,
				0C6D949424BEB2B9004A41F3 /* VVBasicLayout.m */,
			);
			name = layout;
			sourceTree = "<group>";
		};
		0C6D949624BEB38E004A41F3 /* viewmodel */ = {
			isa = PBXGroup;
			children = (
				0C6D948924BEAC4E004A41F3 /* VVTableViewModel.h */,
				0C6D948A24BEAC4E004A41F3 /* VVTableViewModel.m */,
			);
			name = viewmodel;
			sourceTree = "<group>";
		};
		0C6D949724BEB39F004A41F3 /* views */ = {
			isa = PBXGroup;
			children = (
				0C6D949B24BEB426004A41F3 /* VVBannerView.h */,
				0C6D949C24BEB426004A41F3 /* VVBannerView.m */,
				0C6D949E24BEB435004A41F3 /* VVBasicView.h */,
				0C6D949F24BEB435004A41F3 /* VVBasicView.m */,
			);
			name = views;
			sourceTree = "<group>";
		};
		0C6D94A524BEDE6D004A41F3 /* utils */ = {
			isa = PBXGroup;
			children = (
				0C6D94A724BEDE8C004A41F3 /* UIView+FLFrame.h */,
				0C6D94A624BEDE8C004A41F3 /* UIView+FLFrame.m */,
			);
			name = utils;
			sourceTree = "<group>";
		};
		4792E6C4D6A6419D70FDA02C /* Pods */ = {
			isa = PBXGroup;
			children = (
				3F33CA5D90A51FE6FF980150 /* Pods-VVPageCard_Example.debug.xcconfig */,
				E0E2A3CA5B9068D452446640 /* Pods-VVPageCard_Example.release.xcconfig */,
				88D7E5392D6C956C0C2C7F3D /* Pods-VVPageCard_Tests.debug.xcconfig */,
				D94E4C5CA0E9B5AEE429E1D2 /* Pods-VVPageCard_Tests.release.xcconfig */,
			);
			path = Pods;
			sourceTree = "<group>";
		};
		6003F581195388D10070C39A = {
			isa = PBXGroup;
			children = (
				60FF7A9C1954A5C5007DD14C /* Podspec Metadata */,
				6003F593195388D20070C39A /* Example for VVPageCard */,
				6003F5B5195388D20070C39A /* Tests */,
				6003F58C195388D20070C39A /* Frameworks */,
				6003F58B195388D20070C39A /* Products */,
				4792E6C4D6A6419D70FDA02C /* Pods */,
			);
			sourceTree = "<group>";
		};
		6003F58B195388D20070C39A /* Products */ = {
			isa = PBXGroup;
			children = (
				6003F58A195388D20070C39A /* VVPageCard_Example.app */,
				6003F5AE195388D20070C39A /* VVPageCard_Tests.xctest */,
			);
			name = Products;
			sourceTree = "<group>";
		};
		6003F58C195388D20070C39A /* Frameworks */ = {
			isa = PBXGroup;
			children = (
				6003F58D195388D20070C39A /* Foundation.framework */,
				6003F58F195388D20070C39A /* CoreGraphics.framework */,
				6003F591195388D20070C39A /* UIKit.framework */,
				6003F5AF195388D20070C39A /* XCTest.framework */,
				AA27F077AAC6CD3677F43601 /* libPods-VVPageCard_Example.a */,
				F0BCBF42D449437C89353D02 /* libPods-VVPageCard_Tests.a */,
			);
			name = Frameworks;
			sourceTree = "<group>";
		};
		6003F593195388D20070C39A /* Example for VVPageCard */ = {
			isa = PBXGroup;
			children = (
				6003F59C195388D20070C39A /* VVAppDelegate.h */,
				6003F59D195388D20070C39A /* VVAppDelegate.m */,
				0C6D949824BEB400004A41F3 /* VVBaseView.h */,
				0C6D949924BEB400004A41F3 /* VVBaseView.m */,
				0C6D94A524BEDE6D004A41F3 /* utils */,
				0C123A1E24BDB4C8004E3B90 /* json */,
				0C123A1424BDB2C2004E3B90 /* tab */,
				0C123A1324BDB2A9004E3B90 /* collection */,
				0C123A1224BDB29C004E3B90 /* table */,
				873B8AEA1B1F5CCA007FD442 /* Main.storyboard */,
				6003F5A5195388D20070C39A /* VVViewController.h */,
				6003F5A6195388D20070C39A /* VVViewController.m */,
				71719F9D1E33DC2100824A3D /* LaunchScreen.storyboard */,
				6003F5A8195388D20070C39A /* Images.xcassets */,
				6003F594195388D20070C39A /* Supporting Files */,
			);
			name = "Example for VVPageCard";
			path = VVPageCard;
			sourceTree = "<group>";
		};
		6003F594195388D20070C39A /* Supporting Files */ = {
			isa = PBXGroup;
			children = (
				6003F595195388D20070C39A /* VVPageCard-Info.plist */,
				6003F596195388D20070C39A /* InfoPlist.strings */,
				6003F599195388D20070C39A /* main.m */,
				6003F59B195388D20070C39A /* VVPageCard-Prefix.pch */,
			);
			name = "Supporting Files";
			sourceTree = "<group>";
		};
		6003F5B5195388D20070C39A /* Tests */ = {
			isa = PBXGroup;
			children = (
				6003F5BB195388D20070C39A /* Tests.m */,
				6003F5B6195388D20070C39A /* Supporting Files */,
			);
			path = Tests;
			sourceTree = "<group>";
		};
		6003F5B6195388D20070C39A /* Supporting Files */ = {
			isa = PBXGroup;
			children = (
				6003F5B7195388D20070C39A /* Tests-Info.plist */,
				6003F5B8195388D20070C39A /* InfoPlist.strings */,
				606FC2411953D9B200FFA9A0 /* Tests-Prefix.pch */,
			);
			name = "Supporting Files";
			sourceTree = "<group>";
		};
		60FF7A9C1954A5C5007DD14C /* Podspec Metadata */ = {
			isa = PBXGroup;
			children = (
				96B6B9F1A084985483A31D0F /* VVPageCard.podspec */,
				F3396BFD52FEF5860F45A5D2 /* README.md */,
				8AF2CF156FE996EC006CAD22 /* LICENSE */,
			);
			name = "Podspec Metadata";
			sourceTree = "<group>";
		};
/* End PBXGroup section */

/* Begin PBXNativeTarget section */
		6003F589195388D20070C39A /* VVPageCard_Example */ = {
			isa = PBXNativeTarget;
			buildConfigurationList = 6003F5BF195388D20070C39A /* Build configuration list for PBXNativeTarget "VVPageCard_Example" */;
			buildPhases = (
				925DEC11556C0ACC7D320F7D /* [CP] Check Pods Manifest.lock */,
				6003F586195388D20070C39A /* Sources */,
				6003F587195388D20070C39A /* Frameworks */,
				6003F588195388D20070C39A /* Resources */,
			);
			buildRules = (
			);
			dependencies = (
			);
			name = VVPageCard_Example;
			productName = VVPageCard;
			productReference = 6003F58A195388D20070C39A /* VVPageCard_Example.app */;
			productType = "com.apple.product-type.application";
		};
		6003F5AD195388D20070C39A /* VVPageCard_Tests */ = {
			isa = PBXNativeTarget;
			buildConfigurationList = 6003F5C2195388D20070C39A /* Build configuration list for PBXNativeTarget "VVPageCard_Tests" */;
			buildPhases = (
				AA53A1164C3EFF44FDDD95F8 /* [CP] Check Pods Manifest.lock */,
				6003F5AA195388D20070C39A /* Sources */,
				6003F5AB195388D20070C39A /* Frameworks */,
				6003F5AC195388D20070C39A /* Resources */,
			);
			buildRules = (
			);
			dependencies = (
				6003F5B4195388D20070C39A /* PBXTargetDependency */,
			);
			name = VVPageCard_Tests;
			productName = VVPageCardTests;
			productReference = 6003F5AE195388D20070C39A /* VVPageCard_Tests.xctest */;
			productType = "com.apple.product-type.bundle.unit-test";
		};
/* End PBXNativeTarget section */

/* Begin PBXProject section */
		6003F582195388D10070C39A /* Project object */ = {
			isa = PBXProject;
			attributes = {
				CLASSPREFIX = VV;
				LastUpgradeCheck = 0720;
				ORGANIZATIONNAME = zxfei;
				TargetAttributes = {
					6003F5AD195388D20070C39A = {
						TestTargetID = 6003F589195388D20070C39A;
					};
				};
			};
			buildConfigurationList = 6003F585195388D10070C39A /* Build configuration list for PBXProject "VVPageCard" */;
			compatibilityVersion = "Xcode 3.2";
			developmentRegion = English;
			hasScannedForEncodings = 0;
			knownRegions = (
				English,
				en,
				Base,
			);
			mainGroup = 6003F581195388D10070C39A;
			productRefGroup = 6003F58B195388D20070C39A /* Products */;
			projectDirPath = "";
			projectRoot = "";
			targets = (
				6003F589195388D20070C39A /* VVPageCard_Example */,
				6003F5AD195388D20070C39A /* VVPageCard_Tests */,
			);
		};
/* End PBXProject section */

/* Begin PBXResourcesBuildPhase section */
		6003F588195388D20070C39A /* Resources */ = {
			isa = PBXResourcesBuildPhase;
			buildActionMask = 2147483647;
			files = (
				873B8AEB1B1F5CCA007FD442 /* Main.storyboard in Resources */,
				71719F9F1E33DC2100824A3D /* LaunchScreen.storyboard in Resources */,
				6003F5A9195388D20070C39A /* Images.xcassets in Resources */,
				0C6D948C24BEAF7D004A41F3 /* data.json in Resources */,
				6003F598195388D20070C39A /* InfoPlist.strings in Resources */,
			);
			runOnlyForDeploymentPostprocessing = 0;
		};
		6003F5AC195388D20070C39A /* Resources */ = {
			isa = PBXResourcesBuildPhase;
			buildActionMask = 2147483647;
			files = (
				6003F5BA195388D20070C39A /* InfoPlist.strings in Resources */,
			);
			runOnlyForDeploymentPostprocessing = 0;
		};
/* End PBXResourcesBuildPhase section */

/* Begin PBXShellScriptBuildPhase section */
		925DEC11556C0ACC7D320F7D /* [CP] Check Pods Manifest.lock */ = {
			isa = PBXShellScriptBuildPhase;
			buildActionMask = 2147483647;
			files = (
			);
			inputFileListPaths = (
			);
			inputPaths = (
				"${PODS_PODFILE_DIR_PATH}/Podfile.lock",
				"${PODS_ROOT}/Manifest.lock",
			);
			name = "[CP] Check Pods Manifest.lock";
			outputFileListPaths = (
			);
			outputPaths = (
				"$(DERIVED_FILE_DIR)/Pods-VVPageCard_Example-checkManifestLockResult.txt",
			);
			runOnlyForDeploymentPostprocessing = 0;
			shellPath = /bin/sh;
			shellScript = "diff \"${PODS_PODFILE_DIR_PATH}/Podfile.lock\" \"${PODS_ROOT}/Manifest.lock\" > /dev/null\nif [ $? != 0 ] ; then\n    # print error to STDERR\n    echo \"error: The sandbox is not in sync with the Podfile.lock. Run 'pod install' or update your CocoaPods installation.\" >&2\n    exit 1\nfi\n# This output is used by Xcode 'outputs' to avoid re-running this script phase.\necho \"SUCCESS\" > \"${SCRIPT_OUTPUT_FILE_0}\"\n";
			showEnvVarsInLog = 0;
		};
		AA53A1164C3EFF44FDDD95F8 /* [CP] Check Pods Manifest.lock */ = {
			isa = PBXShellScriptBuildPhase;
			buildActionMask = 2147483647;
			files = (
			);
			inputFileListPaths = (
			);
			inputPaths = (
				"${PODS_PODFILE_DIR_PATH}/Podfile.lock",
				"${PODS_ROOT}/Manifest.lock",
			);
			name = "[CP] Check Pods Manifest.lock";
			outputFileListPaths = (
			);
			outputPaths = (
				"$(DERIVED_FILE_DIR)/Pods-VVPageCard_Tests-checkManifestLockResult.txt",
			);
			runOnlyForDeploymentPostprocessing = 0;
			shellPath = /bin/sh;
			shellScript = "diff \"${PODS_PODFILE_DIR_PATH}/Podfile.lock\" \"${PODS_ROOT}/Manifest.lock\" > /dev/null\nif [ $? != 0 ] ; then\n    # print error to STDERR\n    echo \"error: The sandbox is not in sync with the Podfile.lock. Run 'pod install' or update your CocoaPods installation.\" >&2\n    exit 1\nfi\n# This output is used by Xcode 'outputs' to avoid re-running this script phase.\necho \"SUCCESS\" > \"${SCRIPT_OUTPUT_FILE_0}\"\n";
			showEnvVarsInLog = 0;
		};
/* End PBXShellScriptBuildPhase section */

/* Begin PBXSourcesBuildPhase section */
		6003F586195388D20070C39A /* Sources */ = {
			isa = PBXSourcesBuildPhase;
			buildActionMask = 2147483647;
			files = (
				0C123A1A24BDB37A004E3B90 /* VVCollectionController.m in Sources */,
				0C123A2424BDB93E004E3B90 /* VVHomeModel.m in Sources */,
				0C123A2A24BDBC15004E3B90 /* VVBasicInfo.m in Sources */,
				0C6D94AB24BEE25F004A41F3 /* VVImageInfo.m in Sources */,
				0C6D949224BEB2AC004A41F3 /* VVBannerLayout.m in Sources */,
				0C6D948B24BEAC4E004A41F3 /* VVTableViewModel.m in Sources */,
				6003F59E195388D20070C39A /* VVAppDelegate.m in Sources */,
				0C6D949D24BEB426004A41F3 /* VVBannerView.m in Sources */,
				0C123A1D24BDB38B004E3B90 /* VVTableController.m in Sources */,
				6003F5A7195388D20070C39A /* VVViewController.m in Sources */,
				6003F59A195388D20070C39A /* main.m in Sources */,
				0C6D948F24BEB0BF004A41F3 /* VVHomeLayout.m in Sources */,
				0C6D949524BEB2B9004A41F3 /* VVBasicLayout.m in Sources */,
				0C123A1724BDB2F9004E3B90 /* VVTabBarController.m in Sources */,
				0C6D948824BEAAF5004A41F3 /* VVHomeModelType.m in Sources */,
				0C123A2724BDBC01004E3B90 /* VVBannerInfo.m in Sources */,
				0C6D94A824BEDE8C004A41F3 /* UIView+FLFrame.m in Sources */,
				0C6D94A024BEB435004A41F3 /* VVBasicView.m in Sources */,
				0C6D94A324BEB707004A41F3 /* VVCardIdentifier.m in Sources */,
				0C6D949A24BEB400004A41F3 /* VVBaseView.m in Sources */,
			);
			runOnlyForDeploymentPostprocessing = 0;
		};
		6003F5AA195388D20070C39A /* Sources */ = {
			isa = PBXSourcesBuildPhase;
			buildActionMask = 2147483647;
			files = (
				6003F5BC195388D20070C39A /* Tests.m in Sources */,
			);
			runOnlyForDeploymentPostprocessing = 0;
		};
/* End PBXSourcesBuildPhase section */

/* Begin PBXTargetDependency section */
		6003F5B4195388D20070C39A /* PBXTargetDependency */ = {
			isa = PBXTargetDependency;
			target = 6003F589195388D20070C39A /* VVPageCard_Example */;
			targetProxy = 6003F5B3195388D20070C39A /* PBXContainerItemProxy */;
		};
/* End PBXTargetDependency section */

/* Begin PBXVariantGroup section */
		6003F596195388D20070C39A /* InfoPlist.strings */ = {
			isa = PBXVariantGroup;
			children = (
				6003F597195388D20070C39A /* en */,
			);
			name = InfoPlist.strings;
			sourceTree = "<group>";
		};
		6003F5B8195388D20070C39A /* InfoPlist.strings */ = {
			isa = PBXVariantGroup;
			children = (
				6003F5B9195388D20070C39A /* en */,
			);
			name = InfoPlist.strings;
			sourceTree = "<group>";
		};
		71719F9D1E33DC2100824A3D /* LaunchScreen.storyboard */ = {
			isa = PBXVariantGroup;
			children = (
				71719F9E1E33DC2100824A3D /* Base */,
			);
			name = LaunchScreen.storyboard;
			sourceTree = "<group>";
		};
/* End PBXVariantGroup section */

/* Begin XCBuildConfiguration section */
		6003F5BD195388D20070C39A /* Debug */ = {
			isa = XCBuildConfiguration;
			buildSettings = {
				ALWAYS_SEARCH_USER_PATHS = NO;
				CLANG_CXX_LANGUAGE_STANDARD = "gnu++0x";
				CLANG_CXX_LIBRARY = "libc++";
				CLANG_ENABLE_MODULES = YES;
				CLANG_ENABLE_OBJC_ARC = YES;
				CLANG_WARN_BOOL_CONVERSION = YES;
				CLANG_WARN_CONSTANT_CONVERSION = YES;
				CLANG_WARN_DIRECT_OBJC_ISA_USAGE = YES_ERROR;
				CLANG_WARN_EMPTY_BODY = YES;
				CLANG_WARN_ENUM_CONVERSION = YES;
				CLANG_WARN_INT_CONVERSION = YES;
				CLANG_WARN_OBJC_ROOT_CLASS = YES_ERROR;
				CLANG_WARN__DUPLICATE_METHOD_MATCH = YES;
				"CODE_SIGN_IDENTITY[sdk=iphoneos*]" = "iPhone Developer";
				COPY_PHASE_STRIP = NO;
				ENABLE_TESTABILITY = YES;
				GCC_C_LANGUAGE_STANDARD = gnu99;
				GCC_DYNAMIC_NO_PIC = NO;
				GCC_OPTIMIZATION_LEVEL = 0;
				GCC_PREPROCESSOR_DEFINITIONS = (
					"DEBUG=1",
					"$(inherited)",
				);
				GCC_SYMBOLS_PRIVATE_EXTERN = NO;
				GCC_WARN_64_TO_32_BIT_CONVERSION = YES;
				GCC_WARN_ABOUT_RETURN_TYPE = YES_ERROR;
				GCC_WARN_UNDECLARED_SELECTOR = YES;
				GCC_WARN_UNINITIALIZED_AUTOS = YES_AGGRESSIVE;
				GCC_WARN_UNUSED_FUNCTION = YES;
				GCC_WARN_UNUSED_VARIABLE = YES;
				IPHONEOS_DEPLOYMENT_TARGET = 9.3;
				ONLY_ACTIVE_ARCH = YES;
				SDKROOT = iphoneos;
				TARGETED_DEVICE_FAMILY = "1,2";
			};
			name = Debug;
		};
		6003F5BE195388D20070C39A /* Release */ = {
			isa = XCBuildConfiguration;
			buildSettings = {
				ALWAYS_SEARCH_USER_PATHS = NO;
				CLANG_CXX_LANGUAGE_STANDARD = "gnu++0x";
				CLANG_CXX_LIBRARY = "libc++";
				CLANG_ENABLE_MODULES = YES;
				CLANG_ENABLE_OBJC_ARC = YES;
				CLANG_WARN_BOOL_CONVERSION = YES;
				CLANG_WARN_CONSTANT_CONVERSION = YES;
				CLANG_WARN_DIRECT_OBJC_ISA_USAGE = YES_ERROR;
				CLANG_WARN_EMPTY_BODY = YES;
				CLANG_WARN_ENUM_CONVERSION = YES;
				CLANG_WARN_INT_CONVERSION = YES;
				CLANG_WARN_OBJC_ROOT_CLASS = YES_ERROR;
				CLANG_WARN__DUPLICATE_METHOD_MATCH = YES;
				"CODE_SIGN_IDENTITY[sdk=iphoneos*]" = "iPhone Developer";
				COPY_PHASE_STRIP = YES;
				ENABLE_NS_ASSERTIONS = NO;
				GCC_C_LANGUAGE_STANDARD = gnu99;
				GCC_WARN_64_TO_32_BIT_CONVERSION = YES;
				GCC_WARN_ABOUT_RETURN_TYPE = YES_ERROR;
				GCC_WARN_UNDECLARED_SELECTOR = YES;
				GCC_WARN_UNINITIALIZED_AUTOS = YES_AGGRESSIVE;
				GCC_WARN_UNUSED_FUNCTION = YES;
				GCC_WARN_UNUSED_VARIABLE = YES;
				IPHONEOS_DEPLOYMENT_TARGET = 9.3;
				SDKROOT = iphoneos;
				TARGETED_DEVICE_FAMILY = "1,2";
				VALIDATE_PRODUCT = YES;
			};
			name = Release;
		};
		6003F5C0195388D20070C39A /* Debug */ = {
			isa = XCBuildConfiguration;
			baseConfigurationReference = 3F33CA5D90A51FE6FF980150 /* Pods-VVPageCard_Example.debug.xcconfig */;
			buildSettings = {
				ASSETCATALOG_COMPILER_APPICON_NAME = AppIcon;
				GCC_PRECOMPILE_PREFIX_HEADER = YES;
				GCC_PREFIX_HEADER = "VVPageCard/VVPageCard-Prefix.pch";
				INFOPLIST_FILE = "VVPageCard/VVPageCard-Info.plist";
				MODULE_NAME = ExampleApp;
				PRODUCT_BUNDLE_IDENTIFIER = "org.cocoapods.demo.${PRODUCT_NAME:rfc1034identifier}";
				PRODUCT_NAME = "$(TARGET_NAME)";
				SWIFT_VERSION = 4.0;
				WRAPPER_EXTENSION = app;
			};
			name = Debug;
		};
		6003F5C1195388D20070C39A /* Release */ = {
			isa = XCBuildConfiguration;
			baseConfigurationReference = E0E2A3CA5B9068D452446640 /* Pods-VVPageCard_Example.release.xcconfig */;
			buildSettings = {
				ASSETCATALOG_COMPILER_APPICON_NAME = AppIcon;
				GCC_PRECOMPILE_PREFIX_HEADER = YES;
				GCC_PREFIX_HEADER = "VVPageCard/VVPageCard-Prefix.pch";
				INFOPLIST_FILE = "VVPageCard/VVPageCard-Info.plist";
				MODULE_NAME = ExampleApp;
				PRODUCT_BUNDLE_IDENTIFIER = "org.cocoapods.demo.${PRODUCT_NAME:rfc1034identifier}";
				PRODUCT_NAME = "$(TARGET_NAME)";
				SWIFT_VERSION = 4.0;
				WRAPPER_EXTENSION = app;
			};
			name = Release;
		};
		6003F5C3195388D20070C39A /* Debug */ = {
			isa = XCBuildConfiguration;
			baseConfigurationReference = 88D7E5392D6C956C0C2C7F3D /* Pods-VVPageCard_Tests.debug.xcconfig */;
			buildSettings = {
				BUNDLE_LOADER = "$(TEST_HOST)";
				FRAMEWORK_SEARCH_PATHS = (
					"$(PLATFORM_DIR)/Developer/Library/Frameworks",
					"$(inherited)",
					"$(DEVELOPER_FRAMEWORKS_DIR)",
				);
				GCC_PRECOMPILE_PREFIX_HEADER = YES;
				GCC_PREFIX_HEADER = "Tests/Tests-Prefix.pch";
				GCC_PREPROCESSOR_DEFINITIONS = (
					"DEBUG=1",
					"$(inherited)",
				);
				INFOPLIST_FILE = "Tests/Tests-Info.plist";
				PRODUCT_BUNDLE_IDENTIFIER = "org.cocoapods.demo.${PRODUCT_NAME:rfc1034identifier}";
				PRODUCT_NAME = "$(TARGET_NAME)";
				SWIFT_VERSION = 4.0;
				TEST_HOST = "$(BUILT_PRODUCTS_DIR)/VVPageCard_Example.app/VVPageCard_Example";
				WRAPPER_EXTENSION = xctest;
			};
			name = Debug;
		};
		6003F5C4195388D20070C39A /* Release */ = {
			isa = XCBuildConfiguration;
			baseConfigurationReference = D94E4C5CA0E9B5AEE429E1D2 /* Pods-VVPageCard_Tests.release.xcconfig */;
			buildSettings = {
				BUNDLE_LOADER = "$(TEST_HOST)";
				FRAMEWORK_SEARCH_PATHS = (
					"$(PLATFORM_DIR)/Developer/Library/Frameworks",
					"$(inherited)",
					"$(DEVELOPER_FRAMEWORKS_DIR)",
				);
				GCC_PRECOMPILE_PREFIX_HEADER = YES;
				GCC_PREFIX_HEADER = "Tests/Tests-Prefix.pch";
				INFOPLIST_FILE = "Tests/Tests-Info.plist";
				PRODUCT_BUNDLE_IDENTIFIER = "org.cocoapods.demo.${PRODUCT_NAME:rfc1034identifier}";
				PRODUCT_NAME = "$(TARGET_NAME)";
				SWIFT_VERSION = 4.0;
				TEST_HOST = "$(BUILT_PRODUCTS_DIR)/VVPageCard_Example.app/VVPageCard_Example";
				WRAPPER_EXTENSION = xctest;
			};
			name = Release;
		};
/* End XCBuildConfiguration section */

/* Begin XCConfigurationList section */
		6003F585195388D10070C39A /* Build configuration list for PBXProject "VVPageCard" */ = {
			isa = XCConfigurationList;
			buildConfigurations = (
				6003F5BD195388D20070C39A /* Debug */,
				6003F5BE195388D20070C39A /* Release */,
			);
			defaultConfigurationIsVisible = 0;
			defaultConfigurationName = Release;
		};
		6003F5BF195388D20070C39A /* Build configuration list for PBXNativeTarget "VVPageCard_Example" */ = {
			isa = XCConfigurationList;
			buildConfigurations = (
				6003F5C0195388D20070C39A /* Debug */,
				6003F5C1195388D20070C39A /* Release */,
			);
			defaultConfigurationIsVisible = 0;
			defaultConfigurationName = Release;
		};
		6003F5C2195388D20070C39A /* Build configuration list for PBXNativeTarget "VVPageCard_Tests" */ = {
			isa = XCConfigurationList;
			buildConfigurations = (
				6003F5C3195388D20070C39A /* Debug */,
				6003F5C4195388D20070C39A /* Release */,
			);
			defaultConfigurationIsVisible = 0;
			defaultConfigurationName = Release;
		};
/* End XCConfigurationList section */
	};
	rootObject = 6003F582195388D10070C39A /* Project object */;
}
